// !$*UTF8*$!
{
	archiveVersion = 1;
	classes = {
	};
	objectVersion = 46;
	objects = {

/* Begin PBXBuildFile section */
		7E0D8400155B6A46008B4502 /* Google_Logo_black.png in Resources */ = {isa = PBXBuildFile; fileRef = 7E0D83FF155B6A46008B4502 /* Google_Logo_black.png */; };
		7E377A4C155097B300B34417 /* EGORefreshTableHeaderView.m in Sources */ = {isa = PBXBuildFile; fileRef = 7E377A42155097B300B34417 /* EGORefreshTableHeaderView.m */; };
		7E377A4D155097B300B34417 /* blackArrow.png in Resources */ = {isa = PBXBuildFile; fileRef = 7E377A44155097B300B34417 /* blackArrow.png */; };
		7E377A4E155097B300B34417 /* blackArrow@2x.png in Resources */ = {isa = PBXBuildFile; fileRef = 7E377A45155097B300B34417 /* blackArrow@2x.png */; };
		7E377A4F155097B300B34417 /* blueArrow.png in Resources */ = {isa = PBXBuildFile; fileRef = 7E377A46155097B300B34417 /* blueArrow.png */; };
		7E377A50155097B300B34417 /* blueArrow@2x.png in Resources */ = {isa = PBXBuildFile; fileRef = 7E377A47155097B300B34417 /* blueArrow@2x.png */; };
		7E377A51155097B300B34417 /* grayArrow.png in Resources */ = {isa = PBXBuildFile; fileRef = 7E377A48155097B300B34417 /* grayArrow.png */; };
		7E377A52155097B300B34417 /* grayArrow@2x.png in Resources */ = {isa = PBXBuildFile; fileRef = 7E377A49155097B300B34417 /* grayArrow@2x.png */; };
		7E377A53155097B300B34417 /* whiteArrow.png in Resources */ = {isa = PBXBuildFile; fileRef = 7E377A4A155097B300B34417 /* whiteArrow.png */; };
		7E377A54155097B300B34417 /* whiteArrow@2x.png in Resources */ = {isa = PBXBuildFile; fileRef = 7E377A4B155097B300B34417 /* whiteArrow@2x.png */; };
		7E377A601550D2AC00B34417 /* QuartzCore.framework in Frameworks */ = {isa = PBXBuildFile; fileRef = 7E377A5F1550D2AC00B34417 /* QuartzCore.framework */; };
		7E3C6FB71559B20D0069FAD2 /* iCarouselSavedMapsViewController.m in Sources */ = {isa = PBXBuildFile; fileRef = 7E3C6FB61559B20D0069FAD2 /* iCarouselSavedMapsViewController.m */; };
		7E3C6FBF1559B8600069FAD2 /* iCarousel.m in Sources */ = {isa = PBXBuildFile; fileRef = 7E3C6FBE1559B8600069FAD2 /* iCarousel.m */; };
		7E3C6FC11559C2E30069FAD2 /* placeholder.png in Resources */ = {isa = PBXBuildFile; fileRef = 7E3C6FC01559C2E30069FAD2 /* placeholder.png */; };
		7E3D880D156AFF4700ACAF74 /* Facebook+Singleton.m in Sources */ = {isa = PBXBuildFile; fileRef = 7E3D880C156AFF4700ACAF74 /* Facebook+Singleton.m */; };
		7E4F8C83155ACDF2005D532F /* SDImageCache.m in Sources */ = {isa = PBXBuildFile; fileRef = 7E4F8C72155ACDF2005D532F /* SDImageCache.m */; };
		7E4F8C84155ACDF2005D532F /* SDWebImageDecoder.m in Sources */ = {isa = PBXBuildFile; fileRef = 7E4F8C76155ACDF2005D532F /* SDWebImageDecoder.m */; };
		7E4F8C85155ACDF2005D532F /* SDWebImageDownloader.m in Sources */ = {isa = PBXBuildFile; fileRef = 7E4F8C78155ACDF2005D532F /* SDWebImageDownloader.m */; };
		7E4F8C86155ACDF2005D532F /* SDWebImageManager.m in Sources */ = {isa = PBXBuildFile; fileRef = 7E4F8C7B155ACDF2005D532F /* SDWebImageManager.m */; };
		7E4F8C87155ACDF2005D532F /* SDWebImagePrefetcher.m in Sources */ = {isa = PBXBuildFile; fileRef = 7E4F8C7E155ACDF2005D532F /* SDWebImagePrefetcher.m */; };
		7E4F8C88155ACDF2005D532F /* UIButton+WebCache.m in Sources */ = {isa = PBXBuildFile; fileRef = 7E4F8C80155ACDF2005D532F /* UIButton+WebCache.m */; };
		7E4F8C89155ACDF2005D532F /* UIImageView+WebCache.m in Sources */ = {isa = PBXBuildFile; fileRef = 7E4F8C82155ACDF2005D532F /* UIImageView+WebCache.m */; };
		7E4F8C8D155ACE32005D532F /* IMLazyLoadTableViewCell.m in Sources */ = {isa = PBXBuildFile; fileRef = 7E4F8C8C155ACE32005D532F /* IMLazyLoadTableViewCell.m */; };
		7E4F8C90155ACFAC005D532F /* SavedMapsCell.m in Sources */ = {isa = PBXBuildFile; fileRef = 7E4F8C8F155ACFAC005D532F /* SavedMapsCell.m */; };
		7E71CD52153CC410003121EA /* UploadedMap.xml in Resources */ = {isa = PBXBuildFile; fileRef = 7E71CD51153CC410003121EA /* UploadedMap.xml */; };
		7E82DC66152FE57E00583074 /* UIKit.framework in Frameworks */ = {isa = PBXBuildFile; fileRef = 7E82DC65152FE57E00583074 /* UIKit.framework */; };
		7E82DC68152FE57E00583074 /* Foundation.framework in Frameworks */ = {isa = PBXBuildFile; fileRef = 7E82DC67152FE57E00583074 /* Foundation.framework */; };
		7E82DC6A152FE57E00583074 /* CoreGraphics.framework in Frameworks */ = {isa = PBXBuildFile; fileRef = 7E82DC69152FE57E00583074 /* CoreGraphics.framework */; };
		7E82DC70152FE57E00583074 /* InfoPlist.strings in Resources */ = {isa = PBXBuildFile; fileRef = 7E82DC6E152FE57E00583074 /* InfoPlist.strings */; };
		7E82DC72152FE57E00583074 /* main.m in Sources */ = {isa = PBXBuildFile; fileRef = 7E82DC71152FE57E00583074 /* main.m */; };
		7E82DC76152FE57E00583074 /* AppDelegate.m in Sources */ = {isa = PBXBuildFile; fileRef = 7E82DC75152FE57E00583074 /* AppDelegate.m */; };
		7E82DC7E152FE5A900583074 /* RootViewController.m in Sources */ = {isa = PBXBuildFile; fileRef = 7E82DC7D152FE5A800583074 /* RootViewController.m */; };
		7E82DC82152FE7D200583074 /* MyMap.m in Sources */ = {isa = PBXBuildFile; fileRef = 7E82DC81152FE7D200583074 /* MyMap.m */; };
		7E82DC84152FE95D00583074 /* SavedMaps.plist in Resources */ = {isa = PBXBuildFile; fileRef = 7E82DC83152FE95D00583074 /* SavedMaps.plist */; };
		7E82DC88152FEB3B00583074 /* MapViewController.m in Sources */ = {isa = PBXBuildFile; fileRef = 7E82DC87152FEB3B00583074 /* MapViewController.m */; };
		7E82DC9B152FF40E00583074 /* MyPlace.m in Sources */ = {isa = PBXBuildFile; fileRef = 7E82DC9A152FF40E00583074 /* MyPlace.m */; };
		7E82DC9D15308B7900583074 /* CoreLocation.framework in Frameworks */ = {isa = PBXBuildFile; fileRef = 7E82DC9C15308B7900583074 /* CoreLocation.framework */; };
		7E82DC9F15308B7F00583074 /* MapKit.framework in Frameworks */ = {isa = PBXBuildFile; fileRef = 7E82DC9E15308B7F00583074 /* MapKit.framework */; };
		7E82DCA2153092ED00583074 /* Annotation.m in Sources */ = {isa = PBXBuildFile; fileRef = 7E82DCA1153092ED00583074 /* Annotation.m */; };
		7E935097155DCA880029DC90 /* CalloutMapAnnotationView.m in Sources */ = {isa = PBXBuildFile; fileRef = 7E935096155DCA880029DC90 /* CalloutMapAnnotationView.m */; };
		7E93509E155DCF030029DC90 /* SwitchViewsController.m in Sources */ = {isa = PBXBuildFile; fileRef = 7E93509D155DCF020029DC90 /* SwitchViewsController.m */; };
		7E9350A0155F74C30029DC90 /* yellow_temp_sign.png in Resources */ = {isa = PBXBuildFile; fileRef = 7E93509F155F74C30029DC90 /* yellow_temp_sign.png */; };
		7E9CC044153F04AC00DEC3A7 /* KML.framework in Frameworks */ = {isa = PBXBuildFile; fileRef = 7E9CC043153F04AC00DEC3A7 /* KML.framework */; };
		7EA08349156BD65A0092F78B /* UIImage+Filtrr.m in Sources */ = {isa = PBXBuildFile; fileRef = 7EA08344156BD65A0092F78B /* UIImage+Filtrr.m */; };
		7EA0834A156BD65A0092F78B /* UIImage+FiltrrCompositions.m in Sources */ = {isa = PBXBuildFile; fileRef = 7EA08346156BD65A0092F78B /* UIImage+FiltrrCompositions.m */; };
		7EA0834B156BD65A0092F78B /* UIImage+Scale.m in Sources */ = {isa = PBXBuildFile; fileRef = 7EA08348156BD65A0092F78B /* UIImage+Scale.m */; };
		7EA70E2315322B1D00DC3D91 /* EditableCell.m in Sources */ = {isa = PBXBuildFile; fileRef = 7EA70E2215322B1D00DC3D91 /* EditableCell.m */; };
		7EA70E2615322B3100DC3D91 /* DetailedViewController.m in Sources */ = {isa = PBXBuildFile; fileRef = 7EA70E2515322B3100DC3D91 /* DetailedViewController.m */; };
		7EA70E2915328EAE00DC3D91 /* SavedMapsTableViewController.m in Sources */ = {isa = PBXBuildFile; fileRef = 7EA70E2815328EAE00DC3D91 /* SavedMapsTableViewController.m */; };
		7EA70E2D1533AD1F00DC3D91 /* GDataXMLNode.m in Sources */ = {isa = PBXBuildFile; fileRef = 7EA70E2C1533AD1F00DC3D91 /* GDataXMLNode.m */; };
		7EA70E331533D31000DC3D91 /* libxml2.dylib in Frameworks */ = {isa = PBXBuildFile; fileRef = 7EA70E321533D31000DC3D91 /* libxml2.dylib */; };
		7EA70E361533DCC000DC3D91 /* SettingViewController.m in Sources */ = {isa = PBXBuildFile; fileRef = 7EA70E351533DCC000DC3D91 /* SettingViewController.m */; };
		7EA70E4B1533DF3B00DC3D91 /* ASIAuthenticationDialog.m in Sources */ = {isa = PBXBuildFile; fileRef = 7EA70E381533DF2D00DC3D91 /* ASIAuthenticationDialog.m */; };
		7EA70E4C1533DF3B00DC3D91 /* ASIDataCompressor.m in Sources */ = {isa = PBXBuildFile; fileRef = 7EA70E3B1533DF3000DC3D91 /* ASIDataCompressor.m */; };
		7EA70E4D1533DF3B00DC3D91 /* ASIDataDecompressor.m in Sources */ = {isa = PBXBuildFile; fileRef = 7EA70E3D1533DF3100DC3D91 /* ASIDataDecompressor.m */; };
		7EA70E4E1533DF3B00DC3D91 /* ASIDownloadCache.m in Sources */ = {isa = PBXBuildFile; fileRef = 7EA70E3F1533DF3200DC3D91 /* ASIDownloadCache.m */; };
		7EA70E4F1533DF3B00DC3D91 /* ASIFormDataRequest.m in Sources */ = {isa = PBXBuildFile; fileRef = 7EA70E411533DF3400DC3D91 /* ASIFormDataRequest.m */; };
		7EA70E501533DF3B00DC3D91 /* ASIHTTPRequest.m in Sources */ = {isa = PBXBuildFile; fileRef = 7EA70E431533DF3500DC3D91 /* ASIHTTPRequest.m */; };
		7EA70E511533DF3B00DC3D91 /* ASIInputStream.m in Sources */ = {isa = PBXBuildFile; fileRef = 7EA70E471533DF3800DC3D91 /* ASIInputStream.m */; };
		7EA70E521533DF3B00DC3D91 /* ASINetworkQueue.m in Sources */ = {isa = PBXBuildFile; fileRef = 7EA70E491533DF3A00DC3D91 /* ASINetworkQueue.m */; };
		7EA70E551533DF4900DC3D91 /* Reachability.m in Sources */ = {isa = PBXBuildFile; fileRef = 7EA70E541533DF4800DC3D91 /* Reachability.m */; };
		7EA70E591533E14400DC3D91 /* CFNetwork.framework in Frameworks */ = {isa = PBXBuildFile; fileRef = 7EA70E581533E14400DC3D91 /* CFNetwork.framework */; };
		7EA70E5B1533E14C00DC3D91 /* SystemConfiguration.framework in Frameworks */ = {isa = PBXBuildFile; fileRef = 7EA70E5A1533E14C00DC3D91 /* SystemConfiguration.framework */; };
		7EA70E5D1533E15500DC3D91 /* MobileCoreServices.framework in Frameworks */ = {isa = PBXBuildFile; fileRef = 7EA70E5C1533E15400DC3D91 /* MobileCoreServices.framework */; };
		7EA70E5F1533E16200DC3D91 /* libz.1.2.5.dylib in Frameworks */ = {isa = PBXBuildFile; fileRef = 7EA70E5E1533E16200DC3D91 /* libz.1.2.5.dylib */; };
		7ED7965815617F7C004D27C4 /* location-icon-orange.png in Resources */ = {isa = PBXBuildFile; fileRef = 7ED7965715617F7C004D27C4 /* location-icon-orange.png */; };
		7ED7966115618C77004D27C4 /* TabBarGradient.png in Resources */ = {isa = PBXBuildFile; fileRef = 7ED7966015618C77004D27C4 /* TabBarGradient.png */; };
		7ED7966715619600004D27C4 /* location-icon-yellow.png in Resources */ = {isa = PBXBuildFile; fileRef = 7ED7966615619600004D27C4 /* location-icon-yellow.png */; };
		7EE69AD2155827FC0087D458 /* SettingTableViewController.m in Sources */ = {isa = PBXBuildFile; fileRef = 7EE69AD1155827FC0087D458 /* SettingTableViewController.m */; };
		7EE69AF015582A450087D458 /* Facebook.m in Sources */ = {isa = PBXBuildFile; fileRef = 7EE69AD815582A450087D458 /* Facebook.m */; };
		7EE69AF115582A450087D458 /* FBDialog.bundle in Resources */ = {isa = PBXBuildFile; fileRef = 7EE69ADB15582A450087D458 /* FBDialog.bundle */; };
		7EE69AF215582A450087D458 /* FBDialog.m in Sources */ = {isa = PBXBuildFile; fileRef = 7EE69ADD15582A450087D458 /* FBDialog.m */; };
		7EE69AF315582A450087D458 /* FBLoginDialog.m in Sources */ = {isa = PBXBuildFile; fileRef = 7EE69ADF15582A450087D458 /* FBLoginDialog.m */; };
		7EE69AF415582A450087D458 /* FBRequest.m in Sources */ = {isa = PBXBuildFile; fileRef = 7EE69AE115582A450087D458 /* FBRequest.m */; };
		7EE69AF515582A450087D458 /* NSObject+SBJSON.m in Sources */ = {isa = PBXBuildFile; fileRef = 7EE69AE515582A450087D458 /* NSObject+SBJSON.m */; };
		7EE69AF615582A450087D458 /* NSString+SBJSON.m in Sources */ = {isa = PBXBuildFile; fileRef = 7EE69AE715582A450087D458 /* NSString+SBJSON.m */; };
		7EE69AF715582A450087D458 /* SBJSON.m in Sources */ = {isa = PBXBuildFile; fileRef = 7EE69AE915582A450087D458 /* SBJSON.m */; };
		7EE69AF815582A450087D458 /* SBJsonBase.m in Sources */ = {isa = PBXBuildFile; fileRef = 7EE69AEB15582A450087D458 /* SBJsonBase.m */; };
		7EE69AF915582A450087D458 /* SBJsonParser.m in Sources */ = {isa = PBXBuildFile; fileRef = 7EE69AED15582A450087D458 /* SBJsonParser.m */; };
		7EE69AFA15582A450087D458 /* SBJsonWriter.m in Sources */ = {isa = PBXBuildFile; fileRef = 7EE69AEF15582A450087D458 /* SBJsonWriter.m */; };
		7EE69B001558306D0087D458 /* Black_Arrowhead_right.png in Resources */ = {isa = PBXBuildFile; fileRef = 7EE69AFF1558306D0087D458 /* Black_Arrowhead_right.png */; };
		7EF6302A1566DD69008A9DD7 /* websbook_960x720.png in Resources */ = {isa = PBXBuildFile; fileRef = 7EF630291566DD69008A9DD7 /* websbook_960x720.png */; };
/* End PBXBuildFile section */

/* Begin PBXFileReference section */
		7E0D83FF155B6A46008B4502 /* Google_Logo_black.png */ = {isa = PBXFileReference; lastKnownFileType = image.png; path = Google_Logo_black.png; sourceTree = "<group>"; };
		7E377A41155097B300B34417 /* EGORefreshTableHeaderView.h */ = {isa = PBXFileReference; fileEncoding = 4; lastKnownFileType = sourcecode.c.h; path = EGORefreshTableHeaderView.h; sourceTree = "<group>"; };
		7E377A42155097B300B34417 /* EGORefreshTableHeaderView.m */ = {isa = PBXFileReference; fileEncoding = 4; lastKnownFileType = sourcecode.c.objc; path = EGORefreshTableHeaderView.m; sourceTree = "<group>"; };
		7E377A44155097B300B34417 /* blackArrow.png */ = {isa = PBXFileReference; lastKnownFileType = image.png; path = blackArrow.png; sourceTree = "<group>"; };
		7E377A45155097B300B34417 /* blackArrow@2x.png */ = {isa = PBXFileReference; lastKnownFileType = image.png; path = "blackArrow@2x.png"; sourceTree = "<group>"; };
		7E377A46155097B300B34417 /* blueArrow.png */ = {isa = PBXFileReference; lastKnownFileType = image.png; path = blueArrow.png; sourceTree = "<group>"; };
		7E377A47155097B300B34417 /* blueArrow@2x.png */ = {isa = PBXFileReference; lastKnownFileType = image.png; path = "blueArrow@2x.png"; sourceTree = "<group>"; };
		7E377A48155097B300B34417 /* grayArrow.png */ = {isa = PBXFileReference; lastKnownFileType = image.png; path = grayArrow.png; sourceTree = "<group>"; };
		7E377A49155097B300B34417 /* grayArrow@2x.png */ = {isa = PBXFileReference; lastKnownFileType = image.png; path = "grayArrow@2x.png"; sourceTree = "<group>"; };
		7E377A4A155097B300B34417 /* whiteArrow.png */ = {isa = PBXFileReference; lastKnownFileType = image.png; path = whiteArrow.png; sourceTree = "<group>"; };
		7E377A4B155097B300B34417 /* whiteArrow@2x.png */ = {isa = PBXFileReference; lastKnownFileType = image.png; path = "whiteArrow@2x.png"; sourceTree = "<group>"; };
		7E377A5F1550D2AC00B34417 /* QuartzCore.framework */ = {isa = PBXFileReference; lastKnownFileType = wrapper.framework; name = QuartzCore.framework; path = System/Library/Frameworks/QuartzCore.framework; sourceTree = SDKROOT; };
		7E3C6FB51559B20D0069FAD2 /* iCarouselSavedMapsViewController.h */ = {isa = PBXFileReference; fileEncoding = 4; lastKnownFileType = sourcecode.c.h; path = iCarouselSavedMapsViewController.h; sourceTree = "<group>"; };
		7E3C6FB61559B20D0069FAD2 /* iCarouselSavedMapsViewController.m */ = {isa = PBXFileReference; fileEncoding = 4; lastKnownFileType = sourcecode.c.objc; path = iCarouselSavedMapsViewController.m; sourceTree = "<group>"; };
		7E3C6FBD1559B8600069FAD2 /* iCarousel.h */ = {isa = PBXFileReference; fileEncoding = 4; lastKnownFileType = sourcecode.c.h; path = iCarousel.h; sourceTree = "<group>"; };
		7E3C6FBE1559B8600069FAD2 /* iCarousel.m */ = {isa = PBXFileReference; fileEncoding = 4; lastKnownFileType = sourcecode.c.objc; path = iCarousel.m; sourceTree = "<group>"; };
		7E3C6FC01559C2E30069FAD2 /* placeholder.png */ = {isa = PBXFileReference; lastKnownFileType = image.png; path = placeholder.png; sourceTree = "<group>"; };
		7E3D880A156AFDB600ACAF74 /* SynthesizeSingleton.h */ = {isa = PBXFileReference; lastKnownFileType = sourcecode.c.h; path = SynthesizeSingleton.h; sourceTree = "<group>"; };
		7E3D880B156AFF4700ACAF74 /* Facebook+Singleton.h */ = {isa = PBXFileReference; fileEncoding = 4; lastKnownFileType = sourcecode.c.h; name = "Facebook+Singleton.h"; path = "Classes/Facebook+Singleton.h"; sourceTree = "<group>"; };
		7E3D880C156AFF4700ACAF74 /* Facebook+Singleton.m */ = {isa = PBXFileReference; fileEncoding = 4; lastKnownFileType = sourcecode.c.objc; name = "Facebook+Singleton.m"; path = "Classes/Facebook+Singleton.m"; sourceTree = "<group>"; };
		7E4F8C71155ACDF2005D532F /* SDImageCache.h */ = {isa = PBXFileReference; fileEncoding = 4; lastKnownFileType = sourcecode.c.h; path = SDImageCache.h; sourceTree = "<group>"; };
		7E4F8C72155ACDF2005D532F /* SDImageCache.m */ = {isa = PBXFileReference; fileEncoding = 4; lastKnownFileType = sourcecode.c.objc; path = SDImageCache.m; sourceTree = "<group>"; };
		7E4F8C73155ACDF2005D532F /* SDImageCacheDelegate.h */ = {isa = PBXFileReference; fileEncoding = 4; lastKnownFileType = sourcecode.c.h; path = SDImageCacheDelegate.h; sourceTree = "<group>"; };
		7E4F8C74155ACDF2005D532F /* SDWebImageCompat.h */ = {isa = PBXFileReference; fileEncoding = 4; lastKnownFileType = sourcecode.c.h; path = SDWebImageCompat.h; sourceTree = "<group>"; };
		7E4F8C75155ACDF2005D532F /* SDWebImageDecoder.h */ = {isa = PBXFileReference; fileEncoding = 4; lastKnownFileType = sourcecode.c.h; path = SDWebImageDecoder.h; sourceTree = "<group>"; };
		7E4F8C76155ACDF2005D532F /* SDWebImageDecoder.m */ = {isa = PBXFileReference; fileEncoding = 4; lastKnownFileType = sourcecode.c.objc; path = SDWebImageDecoder.m; sourceTree = "<group>"; };
		7E4F8C77155ACDF2005D532F /* SDWebImageDownloader.h */ = {isa = PBXFileReference; fileEncoding = 4; lastKnownFileType = sourcecode.c.h; path = SDWebImageDownloader.h; sourceTree = "<group>"; };
		7E4F8C78155ACDF2005D532F /* SDWebImageDownloader.m */ = {isa = PBXFileReference; fileEncoding = 4; lastKnownFileType = sourcecode.c.objc; path = SDWebImageDownloader.m; sourceTree = "<group>"; };
		7E4F8C79155ACDF2005D532F /* SDWebImageDownloaderDelegate.h */ = {isa = PBXFileReference; fileEncoding = 4; lastKnownFileType = sourcecode.c.h; path = SDWebImageDownloaderDelegate.h; sourceTree = "<group>"; };
		7E4F8C7A155ACDF2005D532F /* SDWebImageManager.h */ = {isa = PBXFileReference; fileEncoding = 4; lastKnownFileType = sourcecode.c.h; path = SDWebImageManager.h; sourceTree = "<group>"; };
		7E4F8C7B155ACDF2005D532F /* SDWebImageManager.m */ = {isa = PBXFileReference; fileEncoding = 4; lastKnownFileType = sourcecode.c.objc; path = SDWebImageManager.m; sourceTree = "<group>"; };
		7E4F8C7C155ACDF2005D532F /* SDWebImageManagerDelegate.h */ = {isa = PBXFileReference; fileEncoding = 4; lastKnownFileType = sourcecode.c.h; path = SDWebImageManagerDelegate.h; sourceTree = "<group>"; };
		7E4F8C7D155ACDF2005D532F /* SDWebImagePrefetcher.h */ = {isa = PBXFileReference; fileEncoding = 4; lastKnownFileType = sourcecode.c.h; path = SDWebImagePrefetcher.h; sourceTree = "<group>"; };
		7E4F8C7E155ACDF2005D532F /* SDWebImagePrefetcher.m */ = {isa = PBXFileReference; fileEncoding = 4; lastKnownFileType = sourcecode.c.objc; path = SDWebImagePrefetcher.m; sourceTree = "<group>"; };
		7E4F8C7F155ACDF2005D532F /* UIButton+WebCache.h */ = {isa = PBXFileReference; fileEncoding = 4; lastKnownFileType = sourcecode.c.h; path = "UIButton+WebCache.h"; sourceTree = "<group>"; };
		7E4F8C80155ACDF2005D532F /* UIButton+WebCache.m */ = {isa = PBXFileReference; fileEncoding = 4; lastKnownFileType = sourcecode.c.objc; path = "UIButton+WebCache.m"; sourceTree = "<group>"; };
		7E4F8C81155ACDF2005D532F /* UIImageView+WebCache.h */ = {isa = PBXFileReference; fileEncoding = 4; lastKnownFileType = sourcecode.c.h; path = "UIImageView+WebCache.h"; sourceTree = "<group>"; };
		7E4F8C82155ACDF2005D532F /* UIImageView+WebCache.m */ = {isa = PBXFileReference; fileEncoding = 4; lastKnownFileType = sourcecode.c.objc; path = "UIImageView+WebCache.m"; sourceTree = "<group>"; };
		7E4F8C8B155ACE32005D532F /* IMLazyLoadTableViewCell.h */ = {isa = PBXFileReference; fileEncoding = 4; lastKnownFileType = sourcecode.c.h; path = IMLazyLoadTableViewCell.h; sourceTree = "<group>"; };
		7E4F8C8C155ACE32005D532F /* IMLazyLoadTableViewCell.m */ = {isa = PBXFileReference; fileEncoding = 4; lastKnownFileType = sourcecode.c.objc; path = IMLazyLoadTableViewCell.m; sourceTree = "<group>"; };
		7E4F8C8E155ACFAC005D532F /* SavedMapsCell.h */ = {isa = PBXFileReference; fileEncoding = 4; lastKnownFileType = sourcecode.c.h; path = SavedMapsCell.h; sourceTree = "<group>"; };
		7E4F8C8F155ACFAC005D532F /* SavedMapsCell.m */ = {isa = PBXFileReference; fileEncoding = 4; lastKnownFileType = sourcecode.c.objc; path = SavedMapsCell.m; sourceTree = "<group>"; };
		7E71CD51153CC410003121EA /* UploadedMap.xml */ = {isa = PBXFileReference; fileEncoding = 4; lastKnownFileType = text.xml; path = UploadedMap.xml; sourceTree = "<group>"; };
		7E82DC61152FE57E00583074 /* Map_v3.7.app */ = {isa = PBXFileReference; explicitFileType = wrapper.application; includeInIndex = 0; path = Map_v3.7.app; sourceTree = BUILT_PRODUCTS_DIR; };
		7E82DC65152FE57E00583074 /* UIKit.framework */ = {isa = PBXFileReference; lastKnownFileType = wrapper.framework; name = UIKit.framework; path = System/Library/Frameworks/UIKit.framework; sourceTree = SDKROOT; };
		7E82DC67152FE57E00583074 /* Foundation.framework */ = {isa = PBXFileReference; lastKnownFileType = wrapper.framework; name = Foundation.framework; path = System/Library/Frameworks/Foundation.framework; sourceTree = SDKROOT; };
		7E82DC69152FE57E00583074 /* CoreGraphics.framework */ = {isa = PBXFileReference; lastKnownFileType = wrapper.framework; name = CoreGraphics.framework; path = System/Library/Frameworks/CoreGraphics.framework; sourceTree = SDKROOT; };
		7E82DC6D152FE57E00583074 /* Map_v3.7-Info.plist */ = {isa = PBXFileReference; lastKnownFileType = text.plist.xml; path = "Map_v3.7-Info.plist"; sourceTree = "<group>"; };
		7E82DC6F152FE57E00583074 /* en */ = {isa = PBXFileReference; lastKnownFileType = text.plist.strings; name = en; path = en.lproj/InfoPlist.strings; sourceTree = "<group>"; };
		7E82DC71152FE57E00583074 /* main.m */ = {isa = PBXFileReference; lastKnownFileType = sourcecode.c.objc; path = main.m; sourceTree = "<group>"; };
		7E82DC73152FE57E00583074 /* Map_v3.7-Prefix.pch */ = {isa = PBXFileReference; lastKnownFileType = sourcecode.c.h; path = "Map_v3.7-Prefix.pch"; sourceTree = "<group>"; };
		7E82DC74152FE57E00583074 /* AppDelegate.h */ = {isa = PBXFileReference; lastKnownFileType = sourcecode.c.h; path = AppDelegate.h; sourceTree = "<group>"; };
		7E82DC75152FE57E00583074 /* AppDelegate.m */ = {isa = PBXFileReference; lastKnownFileType = sourcecode.c.objc; path = AppDelegate.m; sourceTree = "<group>"; };
		7E82DC7C152FE5A800583074 /* RootViewController.h */ = {isa = PBXFileReference; fileEncoding = 4; lastKnownFileType = sourcecode.c.h; name = RootViewController.h; path = Classes/RootViewController.h; sourceTree = "<group>"; };
		7E82DC7D152FE5A800583074 /* RootViewController.m */ = {isa = PBXFileReference; fileEncoding = 4; lastKnownFileType = sourcecode.c.objc; name = RootViewController.m; path = Classes/RootViewController.m; sourceTree = "<group>"; };
		7E82DC80152FE7D200583074 /* MyMap.h */ = {isa = PBXFileReference; fileEncoding = 4; lastKnownFileType = sourcecode.c.h; name = MyMap.h; path = Objects/MyMap.h; sourceTree = "<group>"; };
		7E82DC81152FE7D200583074 /* MyMap.m */ = {isa = PBXFileReference; fileEncoding = 4; lastKnownFileType = sourcecode.c.objc; name = MyMap.m; path = Objects/MyMap.m; sourceTree = "<group>"; };
		7E82DC83152FE95D00583074 /* SavedMaps.plist */ = {isa = PBXFileReference; fileEncoding = 4; lastKnownFileType = text.plist.xml; path = SavedMaps.plist; sourceTree = "<group>"; };
		7E82DC86152FEB3B00583074 /* MapViewController.h */ = {isa = PBXFileReference; fileEncoding = 4; lastKnownFileType = sourcecode.c.h; name = MapViewController.h; path = Classes/MapViewController.h; sourceTree = "<group>"; };
		7E82DC87152FEB3B00583074 /* MapViewController.m */ = {isa = PBXFileReference; fileEncoding = 4; lastKnownFileType = sourcecode.c.objc; name = MapViewController.m; path = Classes/MapViewController.m; sourceTree = "<group>"; };
		7E82DC99152FF40E00583074 /* MyPlace.h */ = {isa = PBXFileReference; fileEncoding = 4; lastKnownFileType = sourcecode.c.h; name = MyPlace.h; path = Objects/MyPlace.h; sourceTree = "<group>"; };
		7E82DC9A152FF40E00583074 /* MyPlace.m */ = {isa = PBXFileReference; fileEncoding = 4; lastKnownFileType = sourcecode.c.objc; name = MyPlace.m; path = Objects/MyPlace.m; sourceTree = "<group>"; };
		7E82DC9C15308B7900583074 /* CoreLocation.framework */ = {isa = PBXFileReference; lastKnownFileType = wrapper.framework; name = CoreLocation.framework; path = System/Library/Frameworks/CoreLocation.framework; sourceTree = SDKROOT; };
		7E82DC9E15308B7F00583074 /* MapKit.framework */ = {isa = PBXFileReference; lastKnownFileType = wrapper.framework; name = MapKit.framework; path = System/Library/Frameworks/MapKit.framework; sourceTree = SDKROOT; };
		7E82DCA0153092ED00583074 /* Annotation.h */ = {isa = PBXFileReference; fileEncoding = 4; lastKnownFileType = sourcecode.c.h; path = Annotation.h; sourceTree = "<group>"; };
		7E82DCA1153092ED00583074 /* Annotation.m */ = {isa = PBXFileReference; fileEncoding = 4; lastKnownFileType = sourcecode.c.objc; path = Annotation.m; sourceTree = "<group>"; };
		7E935095155DCA880029DC90 /* CalloutMapAnnotationView.h */ = {isa = PBXFileReference; fileEncoding = 4; lastKnownFileType = sourcecode.c.h; path = CalloutMapAnnotationView.h; sourceTree = "<group>"; };
		7E935096155DCA880029DC90 /* CalloutMapAnnotationView.m */ = {isa = PBXFileReference; fileEncoding = 4; lastKnownFileType = sourcecode.c.objc; path = CalloutMapAnnotationView.m; sourceTree = "<group>"; };
		7E93509C155DCF020029DC90 /* SwitchViewsController.h */ = {isa = PBXFileReference; fileEncoding = 4; lastKnownFileType = sourcecode.c.h; path = SwitchViewsController.h; sourceTree = "<group>"; };
		7E93509D155DCF020029DC90 /* SwitchViewsController.m */ = {isa = PBXFileReference; fileEncoding = 4; lastKnownFileType = sourcecode.c.objc; path = SwitchViewsController.m; sourceTree = "<group>"; };
		7E93509F155F74C30029DC90 /* yellow_temp_sign.png */ = {isa = PBXFileReference; lastKnownFileType = image.png; path = yellow_temp_sign.png; sourceTree = "<group>"; };
		7E9CC043153F04AC00DEC3A7 /* KML.framework */ = {isa = PBXFileReference; lastKnownFileType = wrapper.framework; path = KML.framework; sourceTree = "<group>"; };
		7EA08343156BD65A0092F78B /* UIImage+Filtrr.h */ = {isa = PBXFileReference; fileEncoding = 4; lastKnownFileType = sourcecode.c.h; path = "UIImage+Filtrr.h"; sourceTree = "<group>"; };
		7EA08344156BD65A0092F78B /* UIImage+Filtrr.m */ = {isa = PBXFileReference; fileEncoding = 4; lastKnownFileType = sourcecode.c.objc; path = "UIImage+Filtrr.m"; sourceTree = "<group>"; };
		7EA08345156BD65A0092F78B /* UIImage+FiltrrCompositions.h */ = {isa = PBXFileReference; fileEncoding = 4; lastKnownFileType = sourcecode.c.h; path = "UIImage+FiltrrCompositions.h"; sourceTree = "<group>"; };
		7EA08346156BD65A0092F78B /* UIImage+FiltrrCompositions.m */ = {isa = PBXFileReference; fileEncoding = 4; lastKnownFileType = sourcecode.c.objc; path = "UIImage+FiltrrCompositions.m"; sourceTree = "<group>"; };
		7EA08347156BD65A0092F78B /* UIImage+Scale.h */ = {isa = PBXFileReference; fileEncoding = 4; lastKnownFileType = sourcecode.c.h; path = "UIImage+Scale.h"; sourceTree = "<group>"; };
		7EA08348156BD65A0092F78B /* UIImage+Scale.m */ = {isa = PBXFileReference; fileEncoding = 4; lastKnownFileType = sourcecode.c.objc; path = "UIImage+Scale.m"; sourceTree = "<group>"; };
		7EA70E2115322B1D00DC3D91 /* EditableCell.h */ = {isa = PBXFileReference; fileEncoding = 4; lastKnownFileType = sourcecode.c.h; path = EditableCell.h; sourceTree = "<group>"; };
		7EA70E2215322B1D00DC3D91 /* EditableCell.m */ = {isa = PBXFileReference; fileEncoding = 4; lastKnownFileType = sourcecode.c.objc; path = EditableCell.m; sourceTree = "<group>"; };
		7EA70E2415322B3100DC3D91 /* DetailedViewController.h */ = {isa = PBXFileReference; fileEncoding = 4; lastKnownFileType = sourcecode.c.h; path = DetailedViewController.h; sourceTree = "<group>"; };
		7EA70E2515322B3100DC3D91 /* DetailedViewController.m */ = {isa = PBXFileReference; fileEncoding = 4; lastKnownFileType = sourcecode.c.objc; path = DetailedViewController.m; sourceTree = "<group>"; };
		7EA70E2715328EAE00DC3D91 /* SavedMapsTableViewController.h */ = {isa = PBXFileReference; fileEncoding = 4; lastKnownFileType = sourcecode.c.h; path = SavedMapsTableViewController.h; sourceTree = "<group>"; };
		7EA70E2815328EAE00DC3D91 /* SavedMapsTableViewController.m */ = {isa = PBXFileReference; fileEncoding = 4; lastKnownFileType = sourcecode.c.objc; path = SavedMapsTableViewController.m; sourceTree = "<group>"; };
		7EA70E2B1533AD1F00DC3D91 /* GDataXMLNode.h */ = {isa = PBXFileReference; fileEncoding = 4; lastKnownFileType = sourcecode.c.h; path = GDataXMLNode.h; sourceTree = "<group>"; };
		7EA70E2C1533AD1F00DC3D91 /* GDataXMLNode.m */ = {isa = PBXFileReference; fileEncoding = 4; lastKnownFileType = sourcecode.c.objc; path = GDataXMLNode.m; sourceTree = "<group>"; };
		7EA70E321533D31000DC3D91 /* libxml2.dylib */ = {isa = PBXFileReference; lastKnownFileType = "compiled.mach-o.dylib"; name = libxml2.dylib; path = usr/lib/libxml2.dylib; sourceTree = SDKROOT; };
		7EA70E341533DCBF00DC3D91 /* SettingViewController.h */ = {isa = PBXFileReference; fileEncoding = 4; lastKnownFileType = sourcecode.c.h; name = SettingViewController.h; path = Classes/SettingViewController.h; sourceTree = "<group>"; };
		7EA70E351533DCC000DC3D91 /* SettingViewController.m */ = {isa = PBXFileReference; fileEncoding = 4; lastKnownFileType = sourcecode.c.objc; name = SettingViewController.m; path = Classes/SettingViewController.m; sourceTree = "<group>"; };
		7EA70E371533DF2C00DC3D91 /* ASIAuthenticationDialog.h */ = {isa = PBXFileReference; fileEncoding = 4; lastKnownFileType = sourcecode.c.h; path = ASIAuthenticationDialog.h; sourceTree = "<group>"; };
		7EA70E381533DF2D00DC3D91 /* ASIAuthenticationDialog.m */ = {isa = PBXFileReference; fileEncoding = 4; lastKnownFileType = sourcecode.c.objc; path = ASIAuthenticationDialog.m; sourceTree = "<group>"; };
		7EA70E391533DF2E00DC3D91 /* ASICacheDelegate.h */ = {isa = PBXFileReference; fileEncoding = 4; lastKnownFileType = sourcecode.c.h; path = ASICacheDelegate.h; sourceTree = "<group>"; };
		7EA70E3A1533DF2F00DC3D91 /* ASIDataCompressor.h */ = {isa = PBXFileReference; fileEncoding = 4; lastKnownFileType = sourcecode.c.h; path = ASIDataCompressor.h; sourceTree = "<group>"; };
		7EA70E3B1533DF3000DC3D91 /* ASIDataCompressor.m */ = {isa = PBXFileReference; fileEncoding = 4; lastKnownFileType = sourcecode.c.objc; path = ASIDataCompressor.m; sourceTree = "<group>"; };
		7EA70E3C1533DF3000DC3D91 /* ASIDataDecompressor.h */ = {isa = PBXFileReference; fileEncoding = 4; lastKnownFileType = sourcecode.c.h; path = ASIDataDecompressor.h; sourceTree = "<group>"; };
		7EA70E3D1533DF3100DC3D91 /* ASIDataDecompressor.m */ = {isa = PBXFileReference; fileEncoding = 4; lastKnownFileType = sourcecode.c.objc; path = ASIDataDecompressor.m; sourceTree = "<group>"; };
		7EA70E3E1533DF3200DC3D91 /* ASIDownloadCache.h */ = {isa = PBXFileReference; fileEncoding = 4; lastKnownFileType = sourcecode.c.h; path = ASIDownloadCache.h; sourceTree = "<group>"; };
		7EA70E3F1533DF3200DC3D91 /* ASIDownloadCache.m */ = {isa = PBXFileReference; fileEncoding = 4; lastKnownFileType = sourcecode.c.objc; path = ASIDownloadCache.m; sourceTree = "<group>"; };
		7EA70E401533DF3300DC3D91 /* ASIFormDataRequest.h */ = {isa = PBXFileReference; fileEncoding = 4; lastKnownFileType = sourcecode.c.h; path = ASIFormDataRequest.h; sourceTree = "<group>"; };
		7EA70E411533DF3400DC3D91 /* ASIFormDataRequest.m */ = {isa = PBXFileReference; fileEncoding = 4; lastKnownFileType = sourcecode.c.objc; path = ASIFormDataRequest.m; sourceTree = "<group>"; };
		7EA70E421533DF3500DC3D91 /* ASIHTTPRequest.h */ = {isa = PBXFileReference; fileEncoding = 4; lastKnownFileType = sourcecode.c.h; path = ASIHTTPRequest.h; sourceTree = "<group>"; };
		7EA70E431533DF3500DC3D91 /* ASIHTTPRequest.m */ = {isa = PBXFileReference; fileEncoding = 4; lastKnownFileType = sourcecode.c.objc; path = ASIHTTPRequest.m; sourceTree = "<group>"; };
		7EA70E441533DF3600DC3D91 /* ASIHTTPRequestConfig.h */ = {isa = PBXFileReference; fileEncoding = 4; lastKnownFileType = sourcecode.c.h; path = ASIHTTPRequestConfig.h; sourceTree = "<group>"; };
		7EA70E451533DF3700DC3D91 /* ASIHTTPRequestDelegate.h */ = {isa = PBXFileReference; fileEncoding = 4; lastKnownFileType = sourcecode.c.h; path = ASIHTTPRequestDelegate.h; sourceTree = "<group>"; };
		7EA70E461533DF3800DC3D91 /* ASIInputStream.h */ = {isa = PBXFileReference; fileEncoding = 4; lastKnownFileType = sourcecode.c.h; path = ASIInputStream.h; sourceTree = "<group>"; };
		7EA70E471533DF3800DC3D91 /* ASIInputStream.m */ = {isa = PBXFileReference; fileEncoding = 4; lastKnownFileType = sourcecode.c.objc; path = ASIInputStream.m; sourceTree = "<group>"; };
		7EA70E481533DF3900DC3D91 /* ASINetworkQueue.h */ = {isa = PBXFileReference; fileEncoding = 4; lastKnownFileType = sourcecode.c.h; path = ASINetworkQueue.h; sourceTree = "<group>"; };
		7EA70E491533DF3A00DC3D91 /* ASINetworkQueue.m */ = {isa = PBXFileReference; fileEncoding = 4; lastKnownFileType = sourcecode.c.objc; path = ASINetworkQueue.m; sourceTree = "<group>"; };
		7EA70E4A1533DF3A00DC3D91 /* ASIProgressDelegate.h */ = {isa = PBXFileReference; fileEncoding = 4; lastKnownFileType = sourcecode.c.h; path = ASIProgressDelegate.h; sourceTree = "<group>"; };
		7EA70E531533DF4800DC3D91 /* Reachability.h */ = {isa = PBXFileReference; fileEncoding = 4; lastKnownFileType = sourcecode.c.h; path = Reachability.h; sourceTree = "<group>"; };
		7EA70E541533DF4800DC3D91 /* Reachability.m */ = {isa = PBXFileReference; fileEncoding = 4; lastKnownFileType = sourcecode.c.objc; path = Reachability.m; sourceTree = "<group>"; };
		7EA70E581533E14400DC3D91 /* CFNetwork.framework */ = {isa = PBXFileReference; lastKnownFileType = wrapper.framework; name = CFNetwork.framework; path = System/Library/Frameworks/CFNetwork.framework; sourceTree = SDKROOT; };
		7EA70E5A1533E14C00DC3D91 /* SystemConfiguration.framework */ = {isa = PBXFileReference; lastKnownFileType = wrapper.framework; name = SystemConfiguration.framework; path = System/Library/Frameworks/SystemConfiguration.framework; sourceTree = SDKROOT; };
		7EA70E5C1533E15400DC3D91 /* MobileCoreServices.framework */ = {isa = PBXFileReference; lastKnownFileType = wrapper.framework; name = MobileCoreServices.framework; path = System/Library/Frameworks/MobileCoreServices.framework; sourceTree = SDKROOT; };
		7EA70E5E1533E16200DC3D91 /* libz.1.2.5.dylib */ = {isa = PBXFileReference; lastKnownFileType = "compiled.mach-o.dylib"; name = libz.1.2.5.dylib; path = usr/lib/libz.1.2.5.dylib; sourceTree = SDKROOT; };
		7ED7965715617F7C004D27C4 /* location-icon-orange.png */ = {isa = PBXFileReference; lastKnownFileType = image.png; path = "location-icon-orange.png"; sourceTree = "<group>"; };
		7ED7966015618C77004D27C4 /* TabBarGradient.png */ = {isa = PBXFileReference; lastKnownFileType = image.png; path = TabBarGradient.png; sourceTree = "<group>"; };
		7ED7966615619600004D27C4 /* location-icon-yellow.png */ = {isa = PBXFileReference; lastKnownFileType = image.png; path = "location-icon-yellow.png"; sourceTree = "<group>"; };
		7EE69AD0155827FC0087D458 /* SettingTableViewController.h */ = {isa = PBXFileReference; fileEncoding = 4; lastKnownFileType = sourcecode.c.h; path = SettingTableViewController.h; sourceTree = "<group>"; };
		7EE69AD1155827FC0087D458 /* SettingTableViewController.m */ = {isa = PBXFileReference; fileEncoding = 4; lastKnownFileType = sourcecode.c.objc; path = SettingTableViewController.m; sourceTree = "<group>"; };
		7EE69AD715582A450087D458 /* Facebook.h */ = {isa = PBXFileReference; fileEncoding = 4; lastKnownFileType = sourcecode.c.h; path = Facebook.h; sourceTree = "<group>"; };
		7EE69AD815582A450087D458 /* Facebook.m */ = {isa = PBXFileReference; fileEncoding = 4; lastKnownFileType = sourcecode.c.objc; path = Facebook.m; sourceTree = "<group>"; };
		7EE69AD915582A450087D458 /* facebook_ios_sdk_Prefix.pch */ = {isa = PBXFileReference; fileEncoding = 4; lastKnownFileType = sourcecode.c.h; path = facebook_ios_sdk_Prefix.pch; sourceTree = "<group>"; };
		7EE69ADA15582A450087D458 /* FBConnect.h */ = {isa = PBXFileReference; fileEncoding = 4; lastKnownFileType = sourcecode.c.h; path = FBConnect.h; sourceTree = "<group>"; };
		7EE69ADB15582A450087D458 /* FBDialog.bundle */ = {isa = PBXFileReference; lastKnownFileType = "wrapper.plug-in"; path = FBDialog.bundle; sourceTree = "<group>"; };
		7EE69ADC15582A450087D458 /* FBDialog.h */ = {isa = PBXFileReference; fileEncoding = 4; lastKnownFileType = sourcecode.c.h; path = FBDialog.h; sourceTree = "<group>"; };
		7EE69ADD15582A450087D458 /* FBDialog.m */ = {isa = PBXFileReference; fileEncoding = 4; lastKnownFileType = sourcecode.c.objc; path = FBDialog.m; sourceTree = "<group>"; };
		7EE69ADE15582A450087D458 /* FBLoginDialog.h */ = {isa = PBXFileReference; fileEncoding = 4; lastKnownFileType = sourcecode.c.h; path = FBLoginDialog.h; sourceTree = "<group>"; };
		7EE69ADF15582A450087D458 /* FBLoginDialog.m */ = {isa = PBXFileReference; fileEncoding = 4; lastKnownFileType = sourcecode.c.objc; path = FBLoginDialog.m; sourceTree = "<group>"; };
		7EE69AE015582A450087D458 /* FBRequest.h */ = {isa = PBXFileReference; fileEncoding = 4; lastKnownFileType = sourcecode.c.h; path = FBRequest.h; sourceTree = "<group>"; };
		7EE69AE115582A450087D458 /* FBRequest.m */ = {isa = PBXFileReference; fileEncoding = 4; lastKnownFileType = sourcecode.c.objc; path = FBRequest.m; sourceTree = "<group>"; };
		7EE69AE315582A450087D458 /* JSON.h */ = {isa = PBXFileReference; fileEncoding = 4; lastKnownFileType = sourcecode.c.h; path = JSON.h; sourceTree = "<group>"; };
		7EE69AE415582A450087D458 /* NSObject+SBJSON.h */ = {isa = PBXFileReference; fileEncoding = 4; lastKnownFileType = sourcecode.c.h; path = "NSObject+SBJSON.h"; sourceTree = "<group>"; };
		7EE69AE515582A450087D458 /* NSObject+SBJSON.m */ = {isa = PBXFileReference; fileEncoding = 4; lastKnownFileType = sourcecode.c.objc; path = "NSObject+SBJSON.m"; sourceTree = "<group>"; };
		7EE69AE615582A450087D458 /* NSString+SBJSON.h */ = {isa = PBXFileReference; fileEncoding = 4; lastKnownFileType = sourcecode.c.h; path = "NSString+SBJSON.h"; sourceTree = "<group>"; };
		7EE69AE715582A450087D458 /* NSString+SBJSON.m */ = {isa = PBXFileReference; fileEncoding = 4; lastKnownFileType = sourcecode.c.objc; path = "NSString+SBJSON.m"; sourceTree = "<group>"; };
		7EE69AE815582A450087D458 /* SBJSON.h */ = {isa = PBXFileReference; fileEncoding = 4; lastKnownFileType = sourcecode.c.h; path = SBJSON.h; sourceTree = "<group>"; };
		7EE69AE915582A450087D458 /* SBJSON.m */ = {isa = PBXFileReference; fileEncoding = 4; lastKnownFileType = sourcecode.c.objc; path = SBJSON.m; sourceTree = "<group>"; };
		7EE69AEA15582A450087D458 /* SBJsonBase.h */ = {isa = PBXFileReference; fileEncoding = 4; lastKnownFileType = sourcecode.c.h; path = SBJsonBase.h; sourceTree = "<group>"; };
		7EE69AEB15582A450087D458 /* SBJsonBase.m */ = {isa = PBXFileReference; fileEncoding = 4; lastKnownFileType = sourcecode.c.objc; path = SBJsonBase.m; sourceTree = "<group>"; };
		7EE69AEC15582A450087D458 /* SBJsonParser.h */ = {isa = PBXFileReference; fileEncoding = 4; lastKnownFileType = sourcecode.c.h; path = SBJsonParser.h; sourceTree = "<group>"; };
		7EE69AED15582A450087D458 /* SBJsonParser.m */ = {isa = PBXFileReference; fileEncoding = 4; lastKnownFileType = sourcecode.c.objc; path = SBJsonParser.m; sourceTree = "<group>"; };
		7EE69AEE15582A450087D458 /* SBJsonWriter.h */ = {isa = PBXFileReference; fileEncoding = 4; lastKnownFileType = sourcecode.c.h; path = SBJsonWriter.h; sourceTree = "<group>"; };
		7EE69AEF15582A450087D458 /* SBJsonWriter.m */ = {isa = PBXFileReference; fileEncoding = 4; lastKnownFileType = sourcecode.c.objc; path = SBJsonWriter.m; sourceTree = "<group>"; };
		7EE69AFF1558306D0087D458 /* Black_Arrowhead_right.png */ = {isa = PBXFileReference; lastKnownFileType = image.png; path = Black_Arrowhead_right.png; sourceTree = "<group>"; };
		7EF630291566DD69008A9DD7 /* websbook_960x720.png */ = {isa = PBXFileReference; lastKnownFileType = image.png; path = websbook_960x720.png; sourceTree = "<group>"; };
/* End PBXFileReference section */

/* Begin PBXFrameworksBuildPhase section */
		7E82DC5E152FE57E00583074 /* Frameworks */ = {
			isa = PBXFrameworksBuildPhase;
			buildActionMask = 2147483647;
			files = (
				7E82DC9D15308B7900583074 /* CoreLocation.framework in Frameworks */,
				7E82DC9F15308B7F00583074 /* MapKit.framework in Frameworks */,
				7E377A601550D2AC00B34417 /* QuartzCore.framework in Frameworks */,
				7EA70E5F1533E16200DC3D91 /* libz.1.2.5.dylib in Frameworks */,
				7EA70E5D1533E15500DC3D91 /* MobileCoreServices.framework in Frameworks */,
				7EA70E5B1533E14C00DC3D91 /* SystemConfiguration.framework in Frameworks */,
				7EA70E591533E14400DC3D91 /* CFNetwork.framework in Frameworks */,
				7EA70E331533D31000DC3D91 /* libxml2.dylib in Frameworks */,
				7E82DC66152FE57E00583074 /* UIKit.framework in Frameworks */,
				7E82DC68152FE57E00583074 /* Foundation.framework in Frameworks */,
				7E82DC6A152FE57E00583074 /* CoreGraphics.framework in Frameworks */,
				7E9CC044153F04AC00DEC3A7 /* KML.framework in Frameworks */,
			);
			runOnlyForDeploymentPostprocessing = 0;
		};
/* End PBXFrameworksBuildPhase section */

/* Begin PBXGroup section */
		7E377A3E155097B300B34417 /* EGOTableViewPullRefresh */ = {
			isa = PBXGroup;
			children = (
				7E377A3F155097B300B34417 /* Classes */,
				7E377A43155097B300B34417 /* Resources */,
			);
			path = EGOTableViewPullRefresh;
			sourceTree = "<group>";
		};
		7E377A3F155097B300B34417 /* Classes */ = {
			isa = PBXGroup;
			children = (
				7E377A40155097B300B34417 /* View */,
			);
			path = Classes;
			sourceTree = "<group>";
		};
		7E377A40155097B300B34417 /* View */ = {
			isa = PBXGroup;
			children = (
				7E377A41155097B300B34417 /* EGORefreshTableHeaderView.h */,
				7E377A42155097B300B34417 /* EGORefreshTableHeaderView.m */,
			);
			path = View;
			sourceTree = "<group>";
		};
		7E377A43155097B300B34417 /* Resources */ = {
			isa = PBXGroup;
			children = (
				7E377A44155097B300B34417 /* blackArrow.png */,
				7E377A45155097B300B34417 /* blackArrow@2x.png */,
				7E377A46155097B300B34417 /* blueArrow.png */,
				7E377A47155097B300B34417 /* blueArrow@2x.png */,
				7E377A48155097B300B34417 /* grayArrow.png */,
				7E377A49155097B300B34417 /* grayArrow@2x.png */,
				7E377A4A155097B300B34417 /* whiteArrow.png */,
				7E377A4B155097B300B34417 /* whiteArrow@2x.png */,
			);
			path = Resources;
			sourceTree = "<group>";
		};
		7E377A561550D08600B34417 /* GoogleData */ = {
			isa = PBXGroup;
			children = (
				7EA70E2B1533AD1F00DC3D91 /* GDataXMLNode.h */,
				7EA70E2C1533AD1F00DC3D91 /* GDataXMLNode.m */,
			);
			name = GoogleData;
			sourceTree = "<group>";
		};
		7E377A571550D0FF00B34417 /* Assets */ = {
			isa = PBXGroup;
			children = (
				7E377A581550D10900B34417 /* Images */,
			);
			name = Assets;
			sourceTree = "<group>";
		};
		7E377A581550D10900B34417 /* Images */ = {
			isa = PBXGroup;
			children = (
				7EF630291566DD69008A9DD7 /* websbook_960x720.png */,
				7ED7966615619600004D27C4 /* location-icon-yellow.png */,
				7ED7966015618C77004D27C4 /* TabBarGradient.png */,
				7ED7965715617F7C004D27C4 /* location-icon-orange.png */,
				7E93509F155F74C30029DC90 /* yellow_temp_sign.png */,
				7E0D83FF155B6A46008B4502 /* Google_Logo_black.png */,
				7E3C6FC01559C2E30069FAD2 /* placeholder.png */,
				7EE69AFF1558306D0087D458 /* Black_Arrowhead_right.png */,
			);
			name = Images;
			sourceTree = "<group>";
		};
		7E3C6FB31559B1D80069FAD2 /* Save */ = {
			isa = PBXGroup;
			children = (
				7EA70E2715328EAE00DC3D91 /* SavedMapsTableViewController.h */,
				7EA70E2815328EAE00DC3D91 /* SavedMapsTableViewController.m */,
				7E3C6FB51559B20D0069FAD2 /* iCarouselSavedMapsViewController.h */,
				7E3C6FB61559B20D0069FAD2 /* iCarouselSavedMapsViewController.m */,
				7E93509C155DCF020029DC90 /* SwitchViewsController.h */,
				7E93509D155DCF020029DC90 /* SwitchViewsController.m */,
			);
			name = Save;
			sourceTree = "<group>";
		};
		7E3C6FBC1559B8600069FAD2 /* iCarousel */ = {
			isa = PBXGroup;
			children = (
				7E3C6FBD1559B8600069FAD2 /* iCarousel.h */,
				7E3C6FBE1559B8600069FAD2 /* iCarousel.m */,
			);
			path = iCarousel;
			sourceTree = "<group>";
		};
		7E3D8805156AF57000ACAF74 /* FBSingleton */ = {
			isa = PBXGroup;
			children = (
				7E3D880A156AFDB600ACAF74 /* SynthesizeSingleton.h */,
				7E3D880B156AFF4700ACAF74 /* Facebook+Singleton.h */,
				7E3D880C156AFF4700ACAF74 /* Facebook+Singleton.m */,
			);
			name = FBSingleton;
			sourceTree = "<group>";
		};
		7E4F8C70155ACDF2005D532F /* SDWebImage */ = {
			isa = PBXGroup;
			children = (
				7E4F8C71155ACDF2005D532F /* SDImageCache.h */,
				7E4F8C72155ACDF2005D532F /* SDImageCache.m */,
				7E4F8C73155ACDF2005D532F /* SDImageCacheDelegate.h */,
				7E4F8C74155ACDF2005D532F /* SDWebImageCompat.h */,
				7E4F8C75155ACDF2005D532F /* SDWebImageDecoder.h */,
				7E4F8C76155ACDF2005D532F /* SDWebImageDecoder.m */,
				7E4F8C77155ACDF2005D532F /* SDWebImageDownloader.h */,
				7E4F8C78155ACDF2005D532F /* SDWebImageDownloader.m */,
				7E4F8C79155ACDF2005D532F /* SDWebImageDownloaderDelegate.h */,
				7E4F8C7A155ACDF2005D532F /* SDWebImageManager.h */,
				7E4F8C7B155ACDF2005D532F /* SDWebImageManager.m */,
				7E4F8C7C155ACDF2005D532F /* SDWebImageManagerDelegate.h */,
				7E4F8C7D155ACDF2005D532F /* SDWebImagePrefetcher.h */,
				7E4F8C7E155ACDF2005D532F /* SDWebImagePrefetcher.m */,
				7E4F8C7F155ACDF2005D532F /* UIButton+WebCache.h */,
				7E4F8C80155ACDF2005D532F /* UIButton+WebCache.m */,
				7E4F8C81155ACDF2005D532F /* UIImageView+WebCache.h */,
				7E4F8C82155ACDF2005D532F /* UIImageView+WebCache.m */,
			);
			path = SDWebImage;
			sourceTree = "<group>";
		};
		7E82DC56152FE57E00583074 = {
			isa = PBXGroup;
			children = (
				7E82DC6B152FE57E00583074 /* Map_v3 */,
				7E82DC64152FE57E00583074 /* Frameworks */,
				7E82DC62152FE57E00583074 /* Products */,
			);
			sourceTree = "<group>";
		};
		7E82DC62152FE57E00583074 /* Products */ = {
			isa = PBXGroup;
			children = (
				7E82DC61152FE57E00583074 /* Map_v3.7.app */,
			);
			name = Products;
			sourceTree = "<group>";
		};
		7E82DC64152FE57E00583074 /* Frameworks */ = {
			isa = PBXGroup;
			children = (
				7E377A5F1550D2AC00B34417 /* QuartzCore.framework */,
				7E82DC9E15308B7F00583074 /* MapKit.framework */,
				7E82DC9C15308B7900583074 /* CoreLocation.framework */,
				7EA70E5E1533E16200DC3D91 /* libz.1.2.5.dylib */,
				7EA70E5C1533E15400DC3D91 /* MobileCoreServices.framework */,
				7EA70E5A1533E14C00DC3D91 /* SystemConfiguration.framework */,
				7EA70E581533E14400DC3D91 /* CFNetwork.framework */,
				7EA70E321533D31000DC3D91 /* libxml2.dylib */,
				7E9CC043153F04AC00DEC3A7 /* KML.framework */,
				7E82DC65152FE57E00583074 /* UIKit.framework */,
				7E82DC67152FE57E00583074 /* Foundation.framework */,
				7E82DC69152FE57E00583074 /* CoreGraphics.framework */,
			);
			name = Frameworks;
			sourceTree = "<group>";
		};
		7E82DC6B152FE57E00583074 /* Map_v3 */ = {
			isa = PBXGroup;
			children = (
				7E935093155DCA750029DC90 /* View */,
				7E377A571550D0FF00B34417 /* Assets */,
				7EA70E2A1533AD0900DC3D91 /* 3rd Party */,
				7E82DC85152FEAF600583074 /* ViewControllers */,
				7EA70E2015322AEB00DC3D91 /* TableViewCell */,
				7E82DC7F152FE7AE00583074 /* Objects */,
				7E82DC74152FE57E00583074 /* AppDelegate.h */,
				7E82DC75152FE57E00583074 /* AppDelegate.m */,
				7E82DC6C152FE57E00583074 /* Supporting Files */,
				7E71CD51153CC410003121EA /* UploadedMap.xml */,
				7E82DC83152FE95D00583074 /* SavedMaps.plist */,
			);
			path = Map_v3;
			sourceTree = "<group>";
		};
		7E82DC6C152FE57E00583074 /* Supporting Files */ = {
			isa = PBXGroup;
			children = (
				7E82DC6D152FE57E00583074 /* Map_v3.7-Info.plist */,
				7E82DC6E152FE57E00583074 /* InfoPlist.strings */,
				7E82DC71152FE57E00583074 /* main.m */,
				7E82DC73152FE57E00583074 /* Map_v3.7-Prefix.pch */,
			);
			name = "Supporting Files";
			sourceTree = "<group>";
		};
		7E82DC7F152FE7AE00583074 /* Objects */ = {
			isa = PBXGroup;
			children = (
				7E3D8805156AF57000ACAF74 /* FBSingleton */,
				7E82DCA1153092ED00583074 /* Annotation.m */,
				7E82DCA0153092ED00583074 /* Annotation.h */,
				7E82DC80152FE7D200583074 /* MyMap.h */,
				7E82DC81152FE7D200583074 /* MyMap.m */,
				7E82DC99152FF40E00583074 /* MyPlace.h */,
				7E82DC9A152FF40E00583074 /* MyPlace.m */,
			);
			name = Objects;
			sourceTree = "<group>";
		};
		7E82DC85152FEAF600583074 /* ViewControllers */ = {
			isa = PBXGroup;
			children = (
				7EE69ACF155827C80087D458 /* Setting */,
				7E82DC7C152FE5A800583074 /* RootViewController.h */,
				7E82DC7D152FE5A800583074 /* RootViewController.m */,
				7E3C6FB31559B1D80069FAD2 /* Save */,
				7EA70E2415322B3100DC3D91 /* DetailedViewController.h */,
				7EA70E2515322B3100DC3D91 /* DetailedViewController.m */,
				7E82DC86152FEB3B00583074 /* MapViewController.h */,
				7E82DC87152FEB3B00583074 /* MapViewController.m */,
				7EA70E341533DCBF00DC3D91 /* SettingViewController.h */,
				7EA70E351533DCC000DC3D91 /* SettingViewController.m */,
			);
			name = ViewControllers;
			sourceTree = "<group>";
		};
		7E935093155DCA750029DC90 /* View */ = {
			isa = PBXGroup;
			children = (
				7E935095155DCA880029DC90 /* CalloutMapAnnotationView.h */,
				7E935096155DCA880029DC90 /* CalloutMapAnnotationView.m */,
			);
			name = View;
			sourceTree = "<group>";
		};
		7EA08342156BD65A0092F78B /* Filtrr */ = {
			isa = PBXGroup;
			children = (
				7EA08343156BD65A0092F78B /* UIImage+Filtrr.h */,
				7EA08344156BD65A0092F78B /* UIImage+Filtrr.m */,
				7EA08345156BD65A0092F78B /* UIImage+FiltrrCompositions.h */,
				7EA08346156BD65A0092F78B /* UIImage+FiltrrCompositions.m */,
				7EA08347156BD65A0092F78B /* UIImage+Scale.h */,
				7EA08348156BD65A0092F78B /* UIImage+Scale.m */,
			);
			path = Filtrr;
			sourceTree = "<group>";
		};
		7EA70E2015322AEB00DC3D91 /* TableViewCell */ = {
			isa = PBXGroup;
			children = (
				7E4F8C8B155ACE32005D532F /* IMLazyLoadTableViewCell.h */,
				7E4F8C8C155ACE32005D532F /* IMLazyLoadTableViewCell.m */,
				7EA70E2115322B1D00DC3D91 /* EditableCell.h */,
				7EA70E2215322B1D00DC3D91 /* EditableCell.m */,
				7E4F8C8E155ACFAC005D532F /* SavedMapsCell.h */,
				7E4F8C8F155ACFAC005D532F /* SavedMapsCell.m */,
			);
			name = TableViewCell;
			sourceTree = "<group>";
		};
		7EA70E2A1533AD0900DC3D91 /* 3rd Party */ = {
			isa = PBXGroup;
			children = (
				7EA08342156BD65A0092F78B /* Filtrr */,
				7E4F8C70155ACDF2005D532F /* SDWebImage */,
				7E3C6FBC1559B8600069FAD2 /* iCarousel */,
				7EE69AD315582A450087D458 /* Facebook */,
				7EA70E561533DF5B00DC3D91 /* ASIHTTPRequest */,
				7E377A3E155097B300B34417 /* EGOTableViewPullRefresh */,
				7E377A561550D08600B34417 /* GoogleData */,
			);
			name = "3rd Party";
			sourceTree = "<group>";
		};
		7EA70E561533DF5B00DC3D91 /* ASIHTTPRequest */ = {
			isa = PBXGroup;
			children = (
				7EA70E571533DF9700DC3D91 /* Reachability */,
				7EA70E371533DF2C00DC3D91 /* ASIAuthenticationDialog.h */,
				7EA70E381533DF2D00DC3D91 /* ASIAuthenticationDialog.m */,
				7EA70E391533DF2E00DC3D91 /* ASICacheDelegate.h */,
				7EA70E3A1533DF2F00DC3D91 /* ASIDataCompressor.h */,
				7EA70E3B1533DF3000DC3D91 /* ASIDataCompressor.m */,
				7EA70E3C1533DF3000DC3D91 /* ASIDataDecompressor.h */,
				7EA70E3D1533DF3100DC3D91 /* ASIDataDecompressor.m */,
				7EA70E3E1533DF3200DC3D91 /* ASIDownloadCache.h */,
				7EA70E3F1533DF3200DC3D91 /* ASIDownloadCache.m */,
				7EA70E401533DF3300DC3D91 /* ASIFormDataRequest.h */,
				7EA70E411533DF3400DC3D91 /* ASIFormDataRequest.m */,
				7EA70E421533DF3500DC3D91 /* ASIHTTPRequest.h */,
				7EA70E431533DF3500DC3D91 /* ASIHTTPRequest.m */,
				7EA70E441533DF3600DC3D91 /* ASIHTTPRequestConfig.h */,
				7EA70E451533DF3700DC3D91 /* ASIHTTPRequestDelegate.h */,
				7EA70E461533DF3800DC3D91 /* ASIInputStream.h */,
				7EA70E471533DF3800DC3D91 /* ASIInputStream.m */,
				7EA70E481533DF3900DC3D91 /* ASINetworkQueue.h */,
				7EA70E491533DF3A00DC3D91 /* ASINetworkQueue.m */,
				7EA70E4A1533DF3A00DC3D91 /* ASIProgressDelegate.h */,
			);
			name = ASIHTTPRequest;
			sourceTree = "<group>";
		};
		7EA70E571533DF9700DC3D91 /* Reachability */ = {
			isa = PBXGroup;
			children = (
				7EA70E531533DF4800DC3D91 /* Reachability.h */,
				7EA70E541533DF4800DC3D91 /* Reachability.m */,
			);
			name = Reachability;
			sourceTree = "<group>";
		};
		7EE69ACF155827C80087D458 /* Setting */ = {
			isa = PBXGroup;
			children = (
				7EE69AD0155827FC0087D458 /* SettingTableViewController.h */,
				7EE69AD1155827FC0087D458 /* SettingTableViewController.m */,
			);
			name = Setting;
			sourceTree = "<group>";
		};
		7EE69AD315582A450087D458 /* Facebook */ = {
			isa = PBXGroup;
			children = (
				7EE69AD715582A450087D458 /* Facebook.h */,
				7EE69AD815582A450087D458 /* Facebook.m */,
				7EE69AD915582A450087D458 /* facebook_ios_sdk_Prefix.pch */,
				7EE69ADA15582A450087D458 /* FBConnect.h */,
				7EE69ADB15582A450087D458 /* FBDialog.bundle */,
				7EE69ADC15582A450087D458 /* FBDialog.h */,
				7EE69ADD15582A450087D458 /* FBDialog.m */,
				7EE69ADE15582A450087D458 /* FBLoginDialog.h */,
				7EE69ADF15582A450087D458 /* FBLoginDialog.m */,
				7EE69AE015582A450087D458 /* FBRequest.h */,
				7EE69AE115582A450087D458 /* FBRequest.m */,
				7EE69AE215582A450087D458 /* JSON */,
			);
			name = Facebook;
			path = src;
			sourceTree = "<group>";
		};
		7EE69AE215582A450087D458 /* JSON */ = {
			isa = PBXGroup;
			children = (
				7EE69AE315582A450087D458 /* JSON.h */,
				7EE69AE415582A450087D458 /* NSObject+SBJSON.h */,
				7EE69AE515582A450087D458 /* NSObject+SBJSON.m */,
				7EE69AE615582A450087D458 /* NSString+SBJSON.h */,
				7EE69AE715582A450087D458 /* NSString+SBJSON.m */,
				7EE69AE815582A450087D458 /* SBJSON.h */,
				7EE69AE915582A450087D458 /* SBJSON.m */,
				7EE69AEA15582A450087D458 /* SBJsonBase.h */,
				7EE69AEB15582A450087D458 /* SBJsonBase.m */,
				7EE69AEC15582A450087D458 /* SBJsonParser.h */,
				7EE69AED15582A450087D458 /* SBJsonParser.m */,
				7EE69AEE15582A450087D458 /* SBJsonWriter.h */,
				7EE69AEF15582A450087D458 /* SBJsonWriter.m */,
			);
			path = JSON;
			sourceTree = "<group>";
		};
/* End PBXGroup section */

/* Begin PBXNativeTarget section */
		7E82DC60152FE57E00583074 /* Map_v3.7 */ = {
			isa = PBXNativeTarget;
			buildConfigurationList = 7E82DC79152FE57E00583074 /* Build configuration list for PBXNativeTarget "Map_v3.7" */;
			buildPhases = (
				7E82DC5D152FE57E00583074 /* Sources */,
				7E82DC5E152FE57E00583074 /* Frameworks */,
				7E82DC5F152FE57E00583074 /* Resources */,
			);
			buildRules = (
			);
			dependencies = (
			);
			name = Map_v3.7;
			productName = Map_v3;
			productReference = 7E82DC61152FE57E00583074 /* Map_v3.7.app */;
			productType = "com.apple.product-type.application";
		};
/* End PBXNativeTarget section */

/* Begin PBXProject section */
		7E82DC58152FE57E00583074 /* Project object */ = {
			isa = PBXProject;
			attributes = {
				LastUpgradeCheck = 0430;
			};
			buildConfigurationList = 7E82DC5B152FE57E00583074 /* Build configuration list for PBXProject "Map_v3.7" */;
			compatibilityVersion = "Xcode 3.2";
			developmentRegion = English;
			hasScannedForEncodings = 0;
			knownRegions = (
				en,
			);
			mainGroup = 7E82DC56152FE57E00583074;
			productRefGroup = 7E82DC62152FE57E00583074 /* Products */;
			projectDirPath = "";
			projectRoot = "";
			targets = (
				7E82DC60152FE57E00583074 /* Map_v3.7 */,
			);
		};
/* End PBXProject section */

/* Begin PBXResourcesBuildPhase section */
		7E82DC5F152FE57E00583074 /* Resources */ = {
			isa = PBXResourcesBuildPhase;
			buildActionMask = 2147483647;
			files = (
				7E82DC70152FE57E00583074 /* InfoPlist.strings in Resources */,
				7E82DC84152FE95D00583074 /* SavedMaps.plist in Resources */,
				7E71CD52153CC410003121EA /* UploadedMap.xml in Resources */,
				7E377A4D155097B300B34417 /* blackArrow.png in Resources */,
				7E377A4E155097B300B34417 /* blackArrow@2x.png in Resources */,
				7E377A4F155097B300B34417 /* blueArrow.png in Resources */,
				7E377A50155097B300B34417 /* blueArrow@2x.png in Resources */,
				7E377A51155097B300B34417 /* grayArrow.png in Resources */,
				7E377A52155097B300B34417 /* grayArrow@2x.png in Resources */,
				7E377A53155097B300B34417 /* whiteArrow.png in Resources */,
				7E377A54155097B300B34417 /* whiteArrow@2x.png in Resources */,
				7EE69AF115582A450087D458 /* FBDialog.bundle in Resources */,
				7EE69B001558306D0087D458 /* Black_Arrowhead_right.png in Resources */,
				7E3C6FC11559C2E30069FAD2 /* placeholder.png in Resources */,
				7E0D8400155B6A46008B4502 /* Google_Logo_black.png in Resources */,
				7E9350A0155F74C30029DC90 /* yellow_temp_sign.png in Resources */,
				7ED7965815617F7C004D27C4 /* location-icon-orange.png in Resources */,
				7ED7966115618C77004D27C4 /* TabBarGradient.png in Resources */,
				7ED7966715619600004D27C4 /* location-icon-yellow.png in Resources */,
				7EF6302A1566DD69008A9DD7 /* websbook_960x720.png in Resources */,
			);
			runOnlyForDeploymentPostprocessing = 0;
		};
/* End PBXResourcesBuildPhase section */

/* Begin PBXSourcesBuildPhase section */
		7E82DC5D152FE57E00583074 /* Sources */ = {
			isa = PBXSourcesBuildPhase;
			buildActionMask = 2147483647;
			files = (
				7E82DC72152FE57E00583074 /* main.m in Sources */,
				7E82DC76152FE57E00583074 /* AppDelegate.m in Sources */,
				7E82DC7E152FE5A900583074 /* RootViewController.m in Sources */,
				7E82DC82152FE7D200583074 /* MyMap.m in Sources */,
				7E82DC88152FEB3B00583074 /* MapViewController.m in Sources */,
				7E82DC9B152FF40E00583074 /* MyPlace.m in Sources */,
				7E82DCA2153092ED00583074 /* Annotation.m in Sources */,
				7EA70E2315322B1D00DC3D91 /* EditableCell.m in Sources */,
				7EA70E2615322B3100DC3D91 /* DetailedViewController.m in Sources */,
				7EA70E2915328EAE00DC3D91 /* SavedMapsTableViewController.m in Sources */,
				7EA70E2D1533AD1F00DC3D91 /* GDataXMLNode.m in Sources */,
				7EA70E361533DCC000DC3D91 /* SettingViewController.m in Sources */,
				7EA70E4B1533DF3B00DC3D91 /* ASIAuthenticationDialog.m in Sources */,
				7EA70E4C1533DF3B00DC3D91 /* ASIDataCompressor.m in Sources */,
				7EA70E4D1533DF3B00DC3D91 /* ASIDataDecompressor.m in Sources */,
				7EA70E4E1533DF3B00DC3D91 /* ASIDownloadCache.m in Sources */,
				7EA70E4F1533DF3B00DC3D91 /* ASIFormDataRequest.m in Sources */,
				7EA70E501533DF3B00DC3D91 /* ASIHTTPRequest.m in Sources */,
				7EA70E511533DF3B00DC3D91 /* ASIInputStream.m in Sources */,
				7EA70E521533DF3B00DC3D91 /* ASINetworkQueue.m in Sources */,
				7EA70E551533DF4900DC3D91 /* Reachability.m in Sources */,
				7E377A4C155097B300B34417 /* EGORefreshTableHeaderView.m in Sources */,
				7EE69AD2155827FC0087D458 /* SettingTableViewController.m in Sources */,
				7EE69AF015582A450087D458 /* Facebook.m in Sources */,
				7EE69AF215582A450087D458 /* FBDialog.m in Sources */,
				7EE69AF315582A450087D458 /* FBLoginDialog.m in Sources */,
				7EE69AF415582A450087D458 /* FBRequest.m in Sources */,
				7EE69AF515582A450087D458 /* NSObject+SBJSON.m in Sources */,
				7EE69AF615582A450087D458 /* NSString+SBJSON.m in Sources */,
				7EE69AF715582A450087D458 /* SBJSON.m in Sources */,
				7EE69AF815582A450087D458 /* SBJsonBase.m in Sources */,
				7EE69AF915582A450087D458 /* SBJsonParser.m in Sources */,
				7EE69AFA15582A450087D458 /* SBJsonWriter.m in Sources */,
				7E3C6FB71559B20D0069FAD2 /* iCarouselSavedMapsViewController.m in Sources */,
				7E3C6FBF1559B8600069FAD2 /* iCarousel.m in Sources */,
				7E4F8C83155ACDF2005D532F /* SDImageCache.m in Sources */,
				7E4F8C84155ACDF2005D532F /* SDWebImageDecoder.m in Sources */,
				7E4F8C85155ACDF2005D532F /* SDWebImageDownloader.m in Sources */,
				7E4F8C86155ACDF2005D532F /* SDWebImageManager.m in Sources */,
				7E4F8C87155ACDF2005D532F /* SDWebImagePrefetcher.m in Sources */,
				7E4F8C88155ACDF2005D532F /* UIButton+WebCache.m in Sources */,
				7E4F8C89155ACDF2005D532F /* UIImageView+WebCache.m in Sources */,
				7E4F8C8D155ACE32005D532F /* IMLazyLoadTableViewCell.m in Sources */,
				7E4F8C90155ACFAC005D532F /* SavedMapsCell.m in Sources */,
				7E935097155DCA880029DC90 /* CalloutMapAnnotationView.m in Sources */,
				7E93509E155DCF030029DC90 /* SwitchViewsController.m in Sources */,
				7E3D880D156AFF4700ACAF74 /* Facebook+Singleton.m in Sources */,
				7EA08349156BD65A0092F78B /* UIImage+Filtrr.m in Sources */,
				7EA0834A156BD65A0092F78B /* UIImage+FiltrrCompositions.m in Sources */,
				7EA0834B156BD65A0092F78B /* UIImage+Scale.m in Sources */,
			);
			runOnlyForDeploymentPostprocessing = 0;
		};
/* End PBXSourcesBuildPhase section */

/* Begin PBXVariantGroup section */
		7E82DC6E152FE57E00583074 /* InfoPlist.strings */ = {
			isa = PBXVariantGroup;
			children = (
				7E82DC6F152FE57E00583074 /* en */,
			);
			name = InfoPlist.strings;
			sourceTree = "<group>";
		};
/* End PBXVariantGroup section */

/* Begin XCBuildConfiguration section */
		7E82DC77152FE57E00583074 /* Debug */ = {
			isa = XCBuildConfiguration;
			buildSettings = {
				ALWAYS_SEARCH_USER_PATHS = NO;
				ARCHS = "$(ARCHS_STANDARD_32_BIT)";
				"CODE_SIGN_IDENTITY[sdk=iphoneos*]" = "iPhone Developer";
				COPY_PHASE_STRIP = NO;
				GCC_C_LANGUAGE_STANDARD = gnu99;
				GCC_DYNAMIC_NO_PIC = NO;
				GCC_OPTIMIZATION_LEVEL = 0;
				GCC_PREPROCESSOR_DEFINITIONS = (
					"DEBUG=1",
					"$(inherited)",
				);
				GCC_SYMBOLS_PRIVATE_EXTERN = NO;
				GCC_VERSION = com.apple.compilers.llvm.clang.1_0;
				GCC_WARN_ABOUT_MISSING_PROTOTYPES = YES;
				GCC_WARN_ABOUT_RETURN_TYPE = YES;
				GCC_WARN_UNUSED_VARIABLE = YES;
				IPHONEOS_DEPLOYMENT_TARGET = 4.0;
				SDKROOT = iphoneos;
			};
			name = Debug;
		};
		7E82DC78152FE57E00583074 /* Release */ = {
			isa = XCBuildConfiguration;
			buildSettings = {
				ALWAYS_SEARCH_USER_PATHS = NO;
				ARCHS = "$(ARCHS_STANDARD_32_BIT)";
				"CODE_SIGN_IDENTITY[sdk=iphoneos*]" = "iPhone Developer";
				COPY_PHASE_STRIP = YES;
				GCC_C_LANGUAGE_STANDARD = gnu99;
				GCC_VERSION = com.apple.compilers.llvm.clang.1_0;
				GCC_WARN_ABOUT_MISSING_PROTOTYPES = YES;
				GCC_WARN_ABOUT_RETURN_TYPE = YES;
				GCC_WARN_UNUSED_VARIABLE = YES;
				IPHONEOS_DEPLOYMENT_TARGET = 4.0;
				OTHER_CFLAGS = "-DNS_BLOCK_ASSERTIONS=1";
				SDKROOT = iphoneos;
				VALIDATE_PRODUCT = YES;
			};
			name = Release;
		};
		7E82DC7A152FE57E00583074 /* Debug */ = {
			isa = XCBuildConfiguration;
			buildSettings = {
				FRAMEWORK_SEARCH_PATHS = (
					"$(inherited)",
					"\"$(SRCROOT)\"",
				);
				GCC_PRECOMPILE_PREFIX_HEADER = YES;
				GCC_PREFIX_HEADER = "Map_v3/Map_v3.7-Prefix.pch";
				HEADER_SEARCH_PATHS = /usr/include/libxml2;
				INFOPLIST_FILE = "Map_v3/Map_v3.7-Info.plist";
				PRODUCT_NAME = Map_v3.7;
				WRAPPER_EXTENSION = app;
			};
			name = Debug;
		};
		7E82DC7B152FE57E00583074 /* Release */ = {
			isa = XCBuildConfiguration;
			buildSettings = {
				FRAMEWORK_SEARCH_PATHS = (
					"$(inherited)",
					"\"$(SRCROOT)\"",
				);
				GCC_PRECOMPILE_PREFIX_HEADER = YES;
				GCC_PREFIX_HEADER = "Map_v3/Map_v3.7-Prefix.pch";
				HEADER_SEARCH_PATHS = /usr/include/libxml2;
				INFOPLIST_FILE = "Map_v3/Map_v3.7-Info.plist";
				PRODUCT_NAME = Map_v3.7;
				WRAPPER_EXTENSION = app;
			};
			name = Release;
		};
/* End XCBuildConfiguration section */

/* Begin XCConfigurationList section */
		7E82DC5B152FE57E00583074 /* Build configuration list for PBXProject "Map_v3.7" */ = {
			isa = XCConfigurationList;
			buildConfigurations = (
				7E82DC77152FE57E00583074 /* Debug */,
				7E82DC78152FE57E00583074 /* Release */,
			);
			defaultConfigurationIsVisible = 0;
			defaultConfigurationName = Release;
		};
		7E82DC79152FE57E00583074 /* Build configuration list for PBXNativeTarget "Map_v3.7" */ = {
			isa = XCConfigurationList;
			buildConfigurations = (
				7E82DC7A152FE57E00583074 /* Debug */,
				7E82DC7B152FE57E00583074 /* Release */,
			);
			defaultConfigurationIsVisible = 0;
			defaultConfigurationName = Release;
		};
/* End XCConfigurationList section */
	};
	rootObject = 7E82DC58152FE57E00583074 /* Project object */;
}
